
Microsoft Visual Studio Solution File, Format Version 12.00
# Visual Studio Version 16
VisualStudioVersion = 16.0.32106.194
MinimumVisualStudioVersion = 10.0.40219.1
Project("{FAE04EC0-301F-11D3-BF4B-00C04F79EFBC}") = "pp", "pp\pp.csproj", "{8252F8DB-AF7D-47DA-A776-37180FE69D71}"
EndProject
Global
	GlobalSection(SolutionConfigurationPlatforms) = preSolution
		Debug|Any CPU = Debug|Any CPU
		Release|Any CPU = Release|Any CPU
	EndGlobalSection
	GlobalSection(ProjectConfigurationPlatforms) = postSolution
		{8252F8DB-AF7D-47DA-A776-37180FE69D71}.Debug|Any CPU.ActiveCfg = Debug|Any CPU
		{8252F8DB-AF7D-47DA-A776-37180FE69D71}.Debug|Any CPU.Build.0 = Debug|Any CPU
		{8252F8DB-AF7D-47DA-A776-37180FE69D71}.Release|Any CPU.ActiveCfg = Release|Any CPU
		{8252F8DB-AF7D-47DA-A776-37180FE69D71}.Release|Any CPU.Build.0 = Release|Any CPU
	EndGlobalSection
	GlobalSection(SolutionProperties) = preSolution
		HideSolutionNode = FALSE
	EndGlobalSection
	GlobalSection(ExtensibilityGlobals) = postSolution
		SolutionGuid = {4F88EF76-9BC3-4E66-9CA4-DA3573E3BAC6}
	EndGlobalSection
EndGlobal
